
Microsoft Visual Studio Solution File, Format Version 12.00
# Visual Studio Version 16
VisualStudioVersion = 16.0.31729.503
MinimumVisualStudioVersion = 10.0.40219.1
Project("{9A19103F-16F7-4668-BE54-9A1E7A4F7556}") = "Kenkata_ECommerce.Server", "Kenkata ECommerce\Server\Kenkata_ECommerce.Server.csproj", "{207EF68B-55A0-4B59-946C-5B9924A64F11}"
EndProject
Project("{9A19103F-16F7-4668-BE54-9A1E7A4F7556}") = "Kenkata_ECommerce.Client", "Kenkata ECommerce\Client\Kenkata_ECommerce.Client.csproj", "{2243B39A-E918-4CE7-AF3C-A9A46CD479B8}"
EndProject
Project("{9A19103F-16F7-4668-BE54-9A1E7A4F7556}") = "Kenkata_ECommerce.Shared", "Kenkata ECommerce\Shared\Kenkata_ECommerce.Shared.csproj", "{99911995-5431-4A80-9D7C-9AA0DA7CE6DE}"
EndProject
Global
	GlobalSection(SolutionConfigurationPlatforms) = preSolution
		Debug|Any CPU = Debug|Any CPU
		Release|Any CPU = Release|Any CPU
	EndGlobalSection
	GlobalSection(ProjectConfigurationPlatforms) = postSolution
		{207EF68B-55A0-4B59-946C-5B9924A64F11}.Debug|Any CPU.ActiveCfg = Debug|Any CPU
		{207EF68B-55A0-4B59-946C-5B9924A64F11}.Debug|Any CPU.Build.0 = Debug|Any CPU
		{207EF68B-55A0-4B59-946C-5B9924A64F11}.Release|Any CPU.ActiveCfg = Release|Any CPU
		{207EF68B-55A0-4B59-946C-5B9924A64F11}.Release|Any CPU.Build.0 = Release|Any CPU
		{2243B39A-E918-4CE7-AF3C-A9A46CD479B8}.Debug|Any CPU.ActiveCfg = Debug|Any CPU
		{2243B39A-E918-4CE7-AF3C-A9A46CD479B8}.Debug|Any CPU.Build.0 = Debug|Any CPU
		{2243B39A-E918-4CE7-AF3C-A9A46CD479B8}.Release|Any CPU.ActiveCfg = Release|Any CPU
		{2243B39A-E918-4CE7-AF3C-A9A46CD479B8}.Release|Any CPU.Build.0 = Release|Any CPU
		{99911995-5431-4A80-9D7C-9AA0DA7CE6DE}.Debug|Any CPU.ActiveCfg = Debug|Any CPU
		{99911995-5431-4A80-9D7C-9AA0DA7CE6DE}.Debug|Any CPU.Build.0 = Debug|Any CPU
		{99911995-5431-4A80-9D7C-9AA0DA7CE6DE}.Release|Any CPU.ActiveCfg = Release|Any CPU
		{99911995-5431-4A80-9D7C-9AA0DA7CE6DE}.Release|Any CPU.Build.0 = Release|Any CPU
	EndGlobalSection
	GlobalSection(SolutionProperties) = preSolution
		HideSolutionNode = FALSE
	EndGlobalSection
	GlobalSection(ExtensibilityGlobals) = postSolution
		SolutionGuid = {B18417BA-2362-4342-8C35-346FE169AC02}
	EndGlobalSection
EndGlobal
